{
  "version": 4,
  "terraform_version": "1.6.3",
  "serial": 44,
  "lineage": "e0ef3a79-45c4-7bd8-6060-cd4d75aa8393",
  "outputs": {},
  "resources": [
    {
      "mode": "managed",
      "type": "kubernetes_config_map",
      "name": "app_config",
      "provider": "provider[\"registry.terraform.io/hashicorp/kubernetes\"]",
      "instances": [
        {
          "schema_version": 0,
          "attributes": {
            "binary_data": {},
            "data": {
              "APP_ENV": "production",
              "APP_VERSION": "1.0.0",
              "MANAGED_BY": "terraform"
            },
            "id": "the-hole/terraform-demo",
            "immutable": false,
            "metadata": [
              {
                "annotations": {},
                "generate_name": "",
                "generation": 0,
                "labels": {
                  "managed-by": "terraform",
                  "team": "the-hole"
                },
                "name": "terraform-demo",
                "namespace": "the-hole",
                "resource_version": "1772528563616495013",
                "uid": "cdda7343-1fdb-4dd4-96eb-d459ff0d7339"
              }
            ]
          },
          "sensitive_attributes": [],
          "private": "bnVsbA=="
        }
      ]
    }
  ],
  "check_results": null
}
